version = 1
revision = 1
requires-python = ">=3.13"

[[package]]
name = "models-from-scratch"
version = "0.1.0"
source = { virtual = "." }
dependencies = [
    { name = "numpy" },
    { name = "regex" },
]

[package.metadata]
requires-dist = [
    { name = "numpy", specifier = ">=2.3.4" },
    { name = "regex", specifier = ">=2025.11.3" },
]

[[package]]
name = "numpy"
version = "2.3.4"
source = { registry = "https://pypi.org/simple" }
sdist = { url = "https://files.pythonhosted.org/packages/b5/f4/098d2270d52b41f1bd7db9fc288aaa0400cb48c2a3e2af6fa365d9720947/numpy-2.3.4.tar.gz", hash = "sha256:a7d018bfedb375a8d979ac758b120ba846a7fe764911a64465fd87b8729f4a6a", size = 20582187 }
wheels = [
    { url = "https://files.pythonhosted.org/packages/57/7e/b72610cc91edf138bc588df5150957a4937221ca6058b825b4725c27be62/numpy-2.3.4-cp313-cp313-macosx_10_13_x86_64.whl", hash = "sha256:c090d4860032b857d94144d1a9976b8e36709e40386db289aaf6672de2a81966", size = 20950335 },
    { url = "https://files.pythonhosted.org/packages/3e/46/bdd3370dcea2f95ef14af79dbf81e6927102ddf1cc54adc0024d61252fd9/numpy-2.3.4-cp313-cp313-macosx_11_0_arm64.whl", hash = "sha256:a13fc473b6db0be619e45f11f9e81260f7302f8d180c49a22b6e6120022596b3", size = 14179878 },
    { url = "https://files.pythonhosted.org/packages/ac/01/5a67cb785bda60f45415d09c2bc245433f1c68dd82eef9c9002c508b5a65/numpy-2.3.4-cp313-cp313-macosx_14_0_arm64.whl", hash = "sha256:3634093d0b428e6c32c3a69b78e554f0cd20ee420dcad5a9f3b2a63762ce4197", size = 5108673 },
    { url = "https://files.pythonhosted.org/packages/c2/cd/8428e23a9fcebd33988f4cb61208fda832800ca03781f471f3727a820704/numpy-2.3.4-cp313-cp313-macosx_14_0_x86_64.whl", hash = "sha256:043885b4f7e6e232d7df4f51ffdef8c36320ee9d5f227b380ea636722c7ed12e", size = 6641438 },
    { url = "https://files.pythonhosted.org/packages/3e/d1/913fe563820f3c6b079f992458f7331278dcd7ba8427e8e745af37ddb44f/numpy-2.3.4-cp313-cp313-manylinux_2_27_aarch64.manylinux_2_28_aarch64.whl", hash = "sha256:4ee6a571d1e4f0ea6d5f22d6e5fbd6ed1dc2b18542848e1e7301bd190500c9d7", size = 14281290 },
    { url = "https://files.pythonhosted.org/packages/9e/7e/7d306ff7cb143e6d975cfa7eb98a93e73495c4deabb7d1b5ecf09ea0fd69/numpy-2.3.4-cp313-cp313-manylinux_2_27_x86_64.manylinux_2_28_x86_64.whl", hash = "sha256:fc8a63918b04b8571789688b2780ab2b4a33ab44bfe8ccea36d3eba51228c953", size = 16636543 },
    { url = "https://files.pythonhosted.org/packages/47/6a/8cfc486237e56ccfb0db234945552a557ca266f022d281a2f577b98e955c/numpy-2.3.4-cp313-cp313-musllinux_1_2_aarch64.whl", hash = "sha256:40cc556d5abbc54aabe2b1ae287042d7bdb80c08edede19f0c0afb36ae586f37", size = 16056117 },
    { url = "https://files.pythonhosted.org/packages/b1/0e/42cb5e69ea901e06ce24bfcc4b5664a56f950a70efdcf221f30d9615f3f3/numpy-2.3.4-cp313-cp313-musllinux_1_2_x86_64.whl", hash = "sha256:ecb63014bb7f4ce653f8be7f1df8cbc6093a5a2811211770f6606cc92b5a78fd", size = 18577788 },
    { url = "https://files.pythonhosted.org/packages/86/92/41c3d5157d3177559ef0a35da50f0cda7fa071f4ba2306dd36818591a5bc/numpy-2.3.4-cp313-cp313-win32.whl", hash = "sha256:e8370eb6925bb8c1c4264fec52b0384b44f675f191df91cbe0140ec9f0955646", size = 6282620 },
    { url = "https://files.pythonhosted.org/packages/09/97/fd421e8bc50766665ad35536c2bb4ef916533ba1fdd053a62d96cc7c8b95/numpy-2.3.4-cp313-cp313-win_amd64.whl", hash = "sha256:56209416e81a7893036eea03abcb91c130643eb14233b2515c90dcac963fe99d", size = 12784672 },
    { url = "https://files.pythonhosted.org/packages/ad/df/5474fb2f74970ca8eb978093969b125a84cc3d30e47f82191f981f13a8a0/numpy-2.3.4-cp313-cp313-win_arm64.whl", hash = "sha256:a700a4031bc0fd6936e78a752eefb79092cecad2599ea9c8039c548bc097f9bc", size = 10196702 },
    { url = "https://files.pythonhosted.org/packages/11/83/66ac031464ec1767ea3ed48ce40f615eb441072945e98693bec0bcd056cc/numpy-2.3.4-cp313-cp313t-macosx_10_13_x86_64.whl", hash = "sha256:86966db35c4040fdca64f0816a1c1dd8dbd027d90fca5a57e00e1ca4cd41b879", size = 21049003 },
    { url = "https://files.pythonhosted.org/packages/5f/99/5b14e0e686e61371659a1d5bebd04596b1d72227ce36eed121bb0aeab798/numpy-2.3.4-cp313-cp313t-macosx_11_0_arm64.whl", hash = "sha256:838f045478638b26c375ee96ea89464d38428c69170360b23a1a50fa4baa3562", size = 14302980 },
    { url = "https://files.pythonhosted.org/packages/2c/44/e9486649cd087d9fc6920e3fc3ac2aba10838d10804b1e179fb7cbc4e634/numpy-2.3.4-cp313-cp313t-macosx_14_0_arm64.whl", hash = "sha256:d7315ed1dab0286adca467377c8381cd748f3dc92235f22a7dfc42745644a96a", size = 5231472 },
    { url = "https://files.pythonhosted.org/packages/3e/51/902b24fa8887e5fe2063fd61b1895a476d0bbf46811ab0c7fdf4bd127345/numpy-2.3.4-cp313-cp313t-macosx_14_0_x86_64.whl", hash = "sha256:84f01a4d18b2cc4ade1814a08e5f3c907b079c847051d720fad15ce37aa930b6", size = 6739342 },
    { url = "https://files.pythonhosted.org/packages/34/f1/4de9586d05b1962acdcdb1dc4af6646361a643f8c864cef7c852bf509740/numpy-2.3.4-cp313-cp313t-manylinux_2_27_aarch64.manylinux_2_28_aarch64.whl", hash = "sha256:817e719a868f0dacde4abdfc5c1910b301877970195db9ab6a5e2c4bd5b121f7", size = 14354338 },
    { url = "https://files.pythonhosted.org/packages/1f/06/1c16103b425de7969d5a76bdf5ada0804b476fed05d5f9e17b777f1cbefd/numpy-2.3.4-cp313-cp313t-manylinux_2_27_x86_64.manylinux_2_28_x86_64.whl", hash = "sha256:85e071da78d92a214212cacea81c6da557cab307f2c34b5f85b628e94803f9c0", size = 16702392 },
    { url = "https://files.pythonhosted.org/packages/34/b2/65f4dc1b89b5322093572b6e55161bb42e3e0487067af73627f795cc9d47/numpy-2.3.4-cp313-cp313t-musllinux_1_2_aarch64.whl", hash = "sha256:2ec646892819370cf3558f518797f16597b4e4669894a2ba712caccc9da53f1f", size = 16134998 },
    { url = "https://files.pythonhosted.org/packages/d4/11/94ec578896cdb973aaf56425d6c7f2aff4186a5c00fac15ff2ec46998b46/numpy-2.3.4-cp313-cp313t-musllinux_1_2_x86_64.whl", hash = "sha256:035796aaaddfe2f9664b9a9372f089cfc88bd795a67bd1bfe15e6e770934cf64", size = 18651574 },
    { url = "https://files.pythonhosted.org/packages/62/b7/7efa763ab33dbccf56dade36938a77345ce8e8192d6b39e470ca25ff3cd0/numpy-2.3.4-cp313-cp313t-win32.whl", hash = "sha256:fea80f4f4cf83b54c3a051f2f727870ee51e22f0248d3114b8e755d160b38cfb", size = 6413135 },
    { url = "https://files.pythonhosted.org/packages/43/70/aba4c38e8400abcc2f345e13d972fb36c26409b3e644366db7649015f291/numpy-2.3.4-cp313-cp313t-win_amd64.whl", hash = "sha256:15eea9f306b98e0be91eb344a94c0e630689ef302e10c2ce5f7e11905c704f9c", size = 12928582 },
    { url = "https://files.pythonhosted.org/packages/67/63/871fad5f0073fc00fbbdd7232962ea1ac40eeaae2bba66c76214f7954236/numpy-2.3.4-cp313-cp313t-win_arm64.whl", hash = "sha256:b6c231c9c2fadbae4011ca5e7e83e12dc4a5072f1a1d85a0a7b3ed754d145a40", size = 10266691 },
    { url = "https://files.pythonhosted.org/packages/72/71/ae6170143c115732470ae3a2d01512870dd16e0953f8a6dc89525696069b/numpy-2.3.4-cp314-cp314-macosx_10_15_x86_64.whl", hash = "sha256:81c3e6d8c97295a7360d367f9f8553973651b76907988bb6066376bc2252f24e", size = 20955580 },
    { url = "https://files.pythonhosted.org/packages/af/39/4be9222ffd6ca8a30eda033d5f753276a9c3426c397bb137d8e19dedd200/numpy-2.3.4-cp314-cp314-macosx_11_0_arm64.whl", hash = "sha256:7c26b0b2bf58009ed1f38a641f3db4be8d960a417ca96d14e5b06df1506d41ff", size = 14188056 },
    { url = "https://files.pythonhosted.org/packages/6c/3d/d85f6700d0a4aa4f9491030e1021c2b2b7421b2b38d01acd16734a2bfdc7/numpy-2.3.4-cp314-cp314-macosx_14_0_arm64.whl", hash = "sha256:62b2198c438058a20b6704351b35a1d7db881812d8512d67a69c9de1f18ca05f", size = 5116555 },
    { url = "https://files.pythonhosted.org/packages/bf/04/82c1467d86f47eee8a19a464c92f90a9bb68ccf14a54c5224d7031241ffb/numpy-2.3.4-cp314-cp314-macosx_14_0_x86_64.whl", hash = "sha256:9d729d60f8d53a7361707f4b68a9663c968882dd4f09e0d58c044c8bf5faee7b", size = 6643581 },
    { url = "https://files.pythonhosted.org/packages/0c/d3/c79841741b837e293f48bd7db89d0ac7a4f2503b382b78a790ef1dc778a5/numpy-2.3.4-cp314-cp314-manylinux_2_27_aarch64.manylinux_2_28_aarch64.whl", hash = "sha256:bd0c630cf256b0a7fd9d0a11c9413b42fef5101219ce6ed5a09624f5a65392c7", size = 14299186 },
    { url = "https://files.pythonhosted.org/packages/e8/7e/4a14a769741fbf237eec5a12a2cbc7a4c4e061852b6533bcb9e9a796c908/numpy-2.3.4-cp314-cp314-manylinux_2_27_x86_64.manylinux_2_28_x86_64.whl", hash = "sha256:d5e081bc082825f8b139f9e9fe42942cb4054524598aaeb177ff476cc76d09d2", size = 16638601 },
    { url = "https://files.pythonhosted.org/packages/93/87/1c1de269f002ff0a41173fe01dcc925f4ecff59264cd8f96cf3b60d12c9b/numpy-2.3.4-cp314-cp314-musllinux_1_2_aarch64.whl", hash = "sha256:15fb27364ed84114438fff8aaf998c9e19adbeba08c0b75409f8c452a8692c52", size = 16074219 },
    { url = "https://files.pythonhosted.org/packages/cd/28/18f72ee77408e40a76d691001ae599e712ca2a47ddd2c4f695b16c65f077/numpy-2.3.4-cp314-cp314-musllinux_1_2_x86_64.whl", hash = "sha256:85d9fb2d8cd998c84d13a79a09cc0c1091648e848e4e6249b0ccd7f6b487fa26", size = 18576702 },
    { url = "https://files.pythonhosted.org/packages/c3/76/95650169b465ececa8cf4b2e8f6df255d4bf662775e797ade2025cc51ae6/numpy-2.3.4-cp314-cp314-win32.whl", hash = "sha256:e73d63fd04e3a9d6bc187f5455d81abfad05660b212c8804bf3b407e984cd2bc", size = 6337136 },
    { url = "https://files.pythonhosted.org/packages/dc/89/a231a5c43ede5d6f77ba4a91e915a87dea4aeea76560ba4d2bf185c683f0/numpy-2.3.4-cp314-cp314-win_amd64.whl", hash = "sha256:3da3491cee49cf16157e70f607c03a217ea6647b1cea4819c4f48e53d49139b9", size = 12920542 },
    { url = "https://files.pythonhosted.org/packages/0d/0c/ae9434a888f717c5ed2ff2393b3f344f0ff6f1c793519fa0c540461dc530/numpy-2.3.4-cp314-cp314-win_arm64.whl", hash = "sha256:6d9cd732068e8288dbe2717177320723ccec4fb064123f0caf9bbd90ab5be868", size = 10480213 },
    { url = "https://files.pythonhosted.org/packages/83/4b/c4a5f0841f92536f6b9592694a5b5f68c9ab37b775ff342649eadf9055d3/numpy-2.3.4-cp314-cp314t-macosx_10_15_x86_64.whl", hash = "sha256:22758999b256b595cf0b1d102b133bb61866ba5ceecf15f759623b64c020c9ec", size = 21052280 },
    { url = "https://files.pythonhosted.org/packages/3e/80/90308845fc93b984d2cc96d83e2324ce8ad1fd6efea81b324cba4b673854/numpy-2.3.4-cp314-cp314t-macosx_11_0_arm64.whl", hash = "sha256:9cb177bc55b010b19798dc5497d540dea67fd13a8d9e882b2dae71de0cf09eb3", size = 14302930 },
    { url = "https://files.pythonhosted.org/packages/3d/4e/07439f22f2a3b247cec4d63a713faae55e1141a36e77fb212881f7cda3fb/numpy-2.3.4-cp314-cp314t-macosx_14_0_arm64.whl", hash = "sha256:0f2bcc76f1e05e5ab58893407c63d90b2029908fa41f9f1cc51eecce936c3365", size = 5231504 },
    { url = "https://files.pythonhosted.org/packages/ab/de/1e11f2547e2fe3d00482b19721855348b94ada8359aef5d40dd57bfae9df/numpy-2.3.4-cp314-cp314t-macosx_14_0_x86_64.whl", hash = "sha256:8dc20bde86802df2ed8397a08d793da0ad7a5fd4ea3ac85d757bf5dd4ad7c252", size = 6739405 },
    { url = "https://files.pythonhosted.org/packages/3b/40/8cd57393a26cebe2e923005db5134a946c62fa56a1087dc7c478f3e30837/numpy-2.3.4-cp314-cp314t-manylinux_2_27_aarch64.manylinux_2_28_aarch64.whl", hash = "sha256:5e199c087e2aa71c8f9ce1cb7a8e10677dc12457e7cc1be4798632da37c3e86e", size = 14354866 },
    { url = "https://files.pythonhosted.org/packages/93/39/5b3510f023f96874ee6fea2e40dfa99313a00bf3ab779f3c92978f34aace/numpy-2.3.4-cp314-cp314t-manylinux_2_27_x86_64.manylinux_2_28_x86_64.whl", hash = "sha256:85597b2d25ddf655495e2363fe044b0ae999b75bc4d630dc0d886484b03a5eb0", size = 16703296 },
    { url = "https://files.pythonhosted.org/packages/41/0d/19bb163617c8045209c1996c4e427bccbc4bbff1e2c711f39203c8ddbb4a/numpy-2.3.4-cp314-cp314t-musllinux_1_2_aarch64.whl", hash = "sha256:04a69abe45b49c5955923cf2c407843d1c85013b424ae8a560bba16c92fe44a0", size = 16136046 },
    { url = "https://files.pythonhosted.org/packages/e2/c1/6dba12fdf68b02a21ac411c9df19afa66bed2540f467150ca64d246b463d/numpy-2.3.4-cp314-cp314t-musllinux_1_2_x86_64.whl", hash = "sha256:e1708fac43ef8b419c975926ce1eaf793b0c13b7356cfab6ab0dc34c0a02ac0f", size = 18652691 },
    { url = "https://files.pythonhosted.org/packages/f8/73/f85056701dbbbb910c51d846c58d29fd46b30eecd2b6ba760fc8b8a1641b/numpy-2.3.4-cp314-cp314t-win32.whl", hash = "sha256:863e3b5f4d9915aaf1b8ec79ae560ad21f0b8d5e3adc31e73126491bb86dee1d", size = 6485782 },
    { url = "https://files.pythonhosted.org/packages/17/90/28fa6f9865181cb817c2471ee65678afa8a7e2a1fb16141473d5fa6bacc3/numpy-2.3.4-cp314-cp314t-win_amd64.whl", hash = "sha256:962064de37b9aef801d33bc579690f8bfe6c5e70e29b61783f60bcba838a14d6", size = 13113301 },
    { url = "https://files.pythonhosted.org/packages/54/23/08c002201a8e7e1f9afba93b97deceb813252d9cfd0d3351caed123dcf97/numpy-2.3.4-cp314-cp314t-win_arm64.whl", hash = "sha256:8b5a9a39c45d852b62693d9b3f3e0fe052541f804296ff401a72a1b60edafb29", size = 10547532 },
]

[[package]]
name = "regex"
version = "2025.11.3"
source = { registry = "https://pypi.org/simple" }
sdist = { url = "https://files.pythonhosted.org/packages/cc/a9/546676f25e573a4cf00fe8e119b78a37b6a8fe2dc95cda877b30889c9c45/regex-2025.11.3.tar.gz", hash = "sha256:1fedc720f9bb2494ce31a58a1631f9c82df6a09b49c19517ea5cc280b4541e01", size = 414669 }
wheels = [
    { url = "https://files.pythonhosted.org/packages/e1/a7/dda24ebd49da46a197436ad96378f17df30ceb40e52e859fc42cac45b850/regex-2025.11.3-cp313-cp313-macosx_10_13_universal2.whl", hash = "sha256:c1e448051717a334891f2b9a620fe36776ebf3dd8ec46a0b877c8ae69575feb4", size = 489081 },
    { url = "https://files.pythonhosted.org/packages/19/22/af2dc751aacf88089836aa088a1a11c4f21a04707eb1b0478e8e8fb32847/regex-2025.11.3-cp313-cp313-macosx_10_13_x86_64.whl", hash = "sha256:9b5aca4d5dfd7fbfbfbdaf44850fcc7709a01146a797536a8f84952e940cca76", size = 291123 },
    { url = "https://files.pythonhosted.org/packages/a3/88/1a3ea5672f4b0a84802ee9891b86743438e7c04eb0b8f8c4e16a42375327/regex-2025.11.3-cp313-cp313-macosx_11_0_arm64.whl", hash = "sha256:04d2765516395cf7dda331a244a3282c0f5ae96075f728629287dfa6f76ba70a", size = 288814 },
    { url = "https://files.pythonhosted.org/packages/fb/8c/f5987895bf42b8ddeea1b315c9fedcfe07cadee28b9c98cf50d00adcb14d/regex-2025.11.3-cp313-cp313-manylinux2014_aarch64.manylinux_2_17_aarch64.manylinux_2_28_aarch64.whl", hash = "sha256:5d9903ca42bfeec4cebedba8022a7c97ad2aab22e09573ce9976ba01b65e4361", size = 798592 },
    { url = "https://files.pythonhosted.org/packages/99/2a/6591ebeede78203fa77ee46a1c36649e02df9eaa77a033d1ccdf2fcd5d4e/regex-2025.11.3-cp313-cp313-manylinux2014_ppc64le.manylinux_2_17_ppc64le.manylinux_2_28_ppc64le.whl", hash = "sha256:639431bdc89d6429f6721625e8129413980ccd62e9d3f496be618a41d205f160", size = 864122 },
    { url = "https://files.pythonhosted.org/packages/94/d6/be32a87cf28cf8ed064ff281cfbd49aefd90242a83e4b08b5a86b38e8eb4/regex-2025.11.3-cp313-cp313-manylinux2014_s390x.manylinux_2_17_s390x.manylinux_2_28_s390x.whl", hash = "sha256:f117efad42068f9715677c8523ed2be1518116d1c49b1dd17987716695181efe", size = 912272 },
    { url = "https://files.pythonhosted.org/packages/62/11/9bcef2d1445665b180ac7f230406ad80671f0fc2a6ffb93493b5dd8cd64c/regex-2025.11.3-cp313-cp313-manylinux2014_x86_64.manylinux_2_17_x86_64.manylinux_2_28_x86_64.whl", hash = "sha256:4aecb6f461316adf9f1f0f6a4a1a3d79e045f9b71ec76055a791affa3b285850", size = 803497 },
    { url = "https://files.pythonhosted.org/packages/e5/a7/da0dc273d57f560399aa16d8a68ae7f9b57679476fc7ace46501d455fe84/regex-2025.11.3-cp313-cp313-musllinux_1_2_aarch64.whl", hash = "sha256:3b3a5f320136873cc5561098dfab677eea139521cb9a9e8db98b7e64aef44cbc", size = 787892 },
    { url = "https://files.pythonhosted.org/packages/da/4b/732a0c5a9736a0b8d6d720d4945a2f1e6f38f87f48f3173559f53e8d5d82/regex-2025.11.3-cp313-cp313-musllinux_1_2_ppc64le.whl", hash = "sha256:75fa6f0056e7efb1f42a1c34e58be24072cb9e61a601340cc1196ae92326a4f9", size = 858462 },
    { url = "https://files.pythonhosted.org/packages/0c/f5/a2a03df27dc4c2d0c769220f5110ba8c4084b0bfa9ab0f9b4fcfa3d2b0fc/regex-2025.11.3-cp313-cp313-musllinux_1_2_s390x.whl", hash = "sha256:dbe6095001465294f13f1adcd3311e50dd84e5a71525f20a10bd16689c61ce0b", size = 850528 },
    { url = "https://files.pythonhosted.org/packages/d6/09/e1cd5bee3841c7f6eb37d95ca91cdee7100b8f88b81e41c2ef426910891a/regex-2025.11.3-cp313-cp313-musllinux_1_2_x86_64.whl", hash = "sha256:454d9b4ae7881afbc25015b8627c16d88a597479b9dea82b8c6e7e2e07240dc7", size = 789866 },
    { url = "https://files.pythonhosted.org/packages/eb/51/702f5ea74e2a9c13d855a6a85b7f80c30f9e72a95493260193c07f3f8d74/regex-2025.11.3-cp313-cp313-win32.whl", hash = "sha256:28ba4d69171fc6e9896337d4fc63a43660002b7da53fc15ac992abcf3410917c", size = 266189 },
    { url = "https://files.pythonhosted.org/packages/8b/00/6e29bb314e271a743170e53649db0fdb8e8ff0b64b4f425f5602f4eb9014/regex-2025.11.3-cp313-cp313-win_amd64.whl", hash = "sha256:bac4200befe50c670c405dc33af26dad5a3b6b255dd6c000d92fe4629f9ed6a5", size = 277054 },
    { url = "https://files.pythonhosted.org/packages/25/f1/b156ff9f2ec9ac441710764dda95e4edaf5f36aca48246d1eea3f1fd96ec/regex-2025.11.3-cp313-cp313-win_arm64.whl", hash = "sha256:2292cd5a90dab247f9abe892ac584cb24f0f54680c73fcb4a7493c66c2bf2467", size = 270325 },
    { url = "https://files.pythonhosted.org/packages/20/28/fd0c63357caefe5680b8ea052131acbd7f456893b69cc2a90cc3e0dc90d4/regex-2025.11.3-cp313-cp313t-macosx_10_13_universal2.whl", hash = "sha256:1eb1ebf6822b756c723e09f5186473d93236c06c579d2cc0671a722d2ab14281", size = 491984 },
    { url = "https://files.pythonhosted.org/packages/df/ec/7014c15626ab46b902b3bcc4b28a7bae46d8f281fc7ea9c95e22fcaaa917/regex-2025.11.3-cp313-cp313t-macosx_10_13_x86_64.whl", hash = "sha256:1e00ec2970aab10dc5db34af535f21fcf32b4a31d99e34963419636e2f85ae39", size = 292673 },
    { url = "https://files.pythonhosted.org/packages/23/ab/3b952ff7239f20d05f1f99e9e20188513905f218c81d52fb5e78d2bf7634/regex-2025.11.3-cp313-cp313t-macosx_11_0_arm64.whl", hash = "sha256:a4cb042b615245d5ff9b3794f56be4138b5adc35a4166014d31d1814744148c7", size = 291029 },
    { url = "https://files.pythonhosted.org/packages/21/7e/3dc2749fc684f455f162dcafb8a187b559e2614f3826877d3844a131f37b/regex-2025.11.3-cp313-cp313t-manylinux2014_aarch64.manylinux_2_17_aarch64.manylinux_2_28_aarch64.whl", hash = "sha256:44f264d4bf02f3176467d90b294d59bf1db9fe53c141ff772f27a8b456b2a9ed", size = 807437 },
    { url = "https://files.pythonhosted.org/packages/1b/0b/d529a85ab349c6a25d1ca783235b6e3eedf187247eab536797021f7126c6/regex-2025.11.3-cp313-cp313t-manylinux2014_ppc64le.manylinux_2_17_ppc64le.manylinux_2_28_ppc64le.whl", hash = "sha256:7be0277469bf3bd7a34a9c57c1b6a724532a0d235cd0dc4e7f4316f982c28b19", size = 873368 },
    { url = "https://files.pythonhosted.org/packages/7d/18/2d868155f8c9e3e9d8f9e10c64e9a9f496bb8f7e037a88a8bed26b435af6/regex-2025.11.3-cp313-cp313t-manylinux2014_s390x.manylinux_2_17_s390x.manylinux_2_28_s390x.whl", hash = "sha256:0d31e08426ff4b5b650f68839f5af51a92a5b51abd8554a60c2fbc7c71f25d0b", size = 914921 },
    { url = "https://files.pythonhosted.org/packages/2d/71/9d72ff0f354fa783fe2ba913c8734c3b433b86406117a8db4ea2bf1c7a2f/regex-2025.11.3-cp313-cp313t-manylinux2014_x86_64.manylinux_2_17_x86_64.manylinux_2_28_x86_64.whl", hash = "sha256:e43586ce5bd28f9f285a6e729466841368c4a0353f6fd08d4ce4630843d3648a", size = 812708 },
    { url = "https://files.pythonhosted.org/packages/e7/19/ce4bf7f5575c97f82b6e804ffb5c4e940c62609ab2a0d9538d47a7fdf7d4/regex-2025.11.3-cp313-cp313t-musllinux_1_2_aarch64.whl", hash = "sha256:0f9397d561a4c16829d4e6ff75202c1c08b68a3bdbfe29dbfcdb31c9830907c6", size = 795472 },
    { url = "https://files.pythonhosted.org/packages/03/86/fd1063a176ffb7b2315f9a1b08d17b18118b28d9df163132615b835a26ee/regex-2025.11.3-cp313-cp313t-musllinux_1_2_ppc64le.whl", hash = "sha256:dd16e78eb18ffdb25ee33a0682d17912e8cc8a770e885aeee95020046128f1ce", size = 868341 },
    { url = "https://files.pythonhosted.org/packages/12/43/103fb2e9811205e7386366501bc866a164a0430c79dd59eac886a2822950/regex-2025.11.3-cp313-cp313t-musllinux_1_2_s390x.whl", hash = "sha256:ffcca5b9efe948ba0661e9df0fa50d2bc4b097c70b9810212d6b62f05d83b2dd", size = 854666 },
    { url = "https://files.pythonhosted.org/packages/7d/22/e392e53f3869b75804762c7c848bd2dd2abf2b70fb0e526f58724638bd35/regex-2025.11.3-cp313-cp313t-musllinux_1_2_x86_64.whl", hash = "sha256:c56b4d162ca2b43318ac671c65bd4d563e841a694ac70e1a976ac38fcf4ca1d2", size = 799473 },
    { url = "https://files.pythonhosted.org/packages/4f/f9/8bd6b656592f925b6845fcbb4d57603a3ac2fb2373344ffa1ed70aa6820a/regex-2025.11.3-cp313-cp313t-win32.whl", hash = "sha256:9ddc42e68114e161e51e272f667d640f97e84a2b9ef14b7477c53aac20c2d59a", size = 268792 },
    { url = "https://files.pythonhosted.org/packages/e5/87/0e7d603467775ff65cd2aeabf1b5b50cc1c3708556a8b849a2fa4dd1542b/regex-2025.11.3-cp313-cp313t-win_amd64.whl", hash = "sha256:7a7c7fdf755032ffdd72c77e3d8096bdcb0eb92e89e17571a196f03d88b11b3c", size = 280214 },
    { url = "https://files.pythonhosted.org/packages/8d/d0/2afc6f8e94e2b64bfb738a7c2b6387ac1699f09f032d363ed9447fd2bb57/regex-2025.11.3-cp313-cp313t-win_arm64.whl", hash = "sha256:df9eb838c44f570283712e7cff14c16329a9f0fb19ca492d21d4b7528ee6821e", size = 271469 },
    { url = "https://files.pythonhosted.org/packages/31/e9/f6e13de7e0983837f7b6d238ad9458800a874bf37c264f7923e63409944c/regex-2025.11.3-cp314-cp314-macosx_10_13_universal2.whl", hash = "sha256:9697a52e57576c83139d7c6f213d64485d3df5bf84807c35fa409e6c970801c6", size = 489089 },
    { url = "https://files.pythonhosted.org/packages/a3/5c/261f4a262f1fa65141c1b74b255988bd2fa020cc599e53b080667d591cfc/regex-2025.11.3-cp314-cp314-macosx_10_13_x86_64.whl", hash = "sha256:e18bc3f73bd41243c9b38a6d9f2366cd0e0137a9aebe2d8ff76c5b67d4c0a3f4", size = 291059 },
    { url = "https://files.pythonhosted.org/packages/8e/57/f14eeb7f072b0e9a5a090d1712741fd8f214ec193dba773cf5410108bb7d/regex-2025.11.3-cp314-cp314-macosx_11_0_arm64.whl", hash = "sha256:61a08bcb0ec14ff4e0ed2044aad948d0659604f824cbd50b55e30b0ec6f09c73", size = 288900 },
    { url = "https://files.pythonhosted.org/packages/3c/6b/1d650c45e99a9b327586739d926a1cd4e94666b1bd4af90428b36af66dc7/regex-2025.11.3-cp314-cp314-manylinux2014_aarch64.manylinux_2_17_aarch64.manylinux_2_28_aarch64.whl", hash = "sha256:c9c30003b9347c24bcc210958c5d167b9e4f9be786cb380a7d32f14f9b84674f", size = 799010 },
    { url = "https://files.pythonhosted.org/packages/99/ee/d66dcbc6b628ce4e3f7f0cbbb84603aa2fc0ffc878babc857726b8aab2e9/regex-2025.11.3-cp314-cp314-manylinux2014_ppc64le.manylinux_2_17_ppc64le.manylinux_2_28_ppc64le.whl", hash = "sha256:4e1e592789704459900728d88d41a46fe3969b82ab62945560a31732ffc19a6d", size = 864893 },
    { url = "https://files.pythonhosted.org/packages/bf/2d/f238229f1caba7ac87a6c4153d79947fb0261415827ae0f77c304260c7d3/regex-2025.11.3-cp314-cp314-manylinux2014_s390x.manylinux_2_17_s390x.manylinux_2_28_s390x.whl", hash = "sha256:6538241f45eb5a25aa575dbba1069ad786f68a4f2773a29a2bd3dd1f9de787be", size = 911522 },
    { url = "https://files.pythonhosted.org/packages/bd/3d/22a4eaba214a917c80e04f6025d26143690f0419511e0116508e24b11c9b/regex-2025.11.3-cp314-cp314-manylinux2014_x86_64.manylinux_2_17_x86_64.manylinux_2_28_x86_64.whl", hash = "sha256:bce22519c989bb72a7e6b36a199384c53db7722fe669ba891da75907fe3587db", size = 803272 },
    { url = "https://files.pythonhosted.org/packages/84/b1/03188f634a409353a84b5ef49754b97dbcc0c0f6fd6c8ede505a8960a0a4/regex-2025.11.3-cp314-cp314-musllinux_1_2_aarch64.whl", hash = "sha256:66d559b21d3640203ab9075797a55165d79017520685fb407b9234d72ab63c62", size = 787958 },
    { url = "https://files.pythonhosted.org/packages/99/6a/27d072f7fbf6fadd59c64d210305e1ff865cc3b78b526fd147db768c553b/regex-2025.11.3-cp314-cp314-musllinux_1_2_ppc64le.whl", hash = "sha256:669dcfb2e38f9e8c69507bace46f4889e3abbfd9b0c29719202883c0a603598f", size = 859289 },
    { url = "https://files.pythonhosted.org/packages/9a/70/1b3878f648e0b6abe023172dacb02157e685564853cc363d9961bcccde4e/regex-2025.11.3-cp314-cp314-musllinux_1_2_s390x.whl", hash = "sha256:32f74f35ff0f25a5021373ac61442edcb150731fbaa28286bbc8bb1582c89d02", size = 850026 },
    { url = "https://files.pythonhosted.org/packages/dd/d5/68e25559b526b8baab8e66839304ede68ff6727237a47727d240006bd0ff/regex-2025.11.3-cp314-cp314-musllinux_1_2_x86_64.whl", hash = "sha256:e6c7a21dffba883234baefe91bc3388e629779582038f75d2a5be918e250f0ed", size = 789499 },
    { url = "https://files.pythonhosted.org/packages/fc/df/43971264857140a350910d4e33df725e8c94dd9dee8d2e4729fa0d63d49e/regex-2025.11.3-cp314-cp314-win32.whl", hash = "sha256:795ea137b1d809eb6836b43748b12634291c0ed55ad50a7d72d21edf1cd565c4", size = 271604 },
    { url = "https://files.pythonhosted.org/packages/01/6f/9711b57dc6894a55faf80a4c1b5aa4f8649805cb9c7aef46f7d27e2b9206/regex-2025.11.3-cp314-cp314-win_amd64.whl", hash = "sha256:9f95fbaa0ee1610ec0fc6b26668e9917a582ba80c52cc6d9ada15e30aa9ab9ad", size = 280320 },
    { url = "https://files.pythonhosted.org/packages/f1/7e/f6eaa207d4377481f5e1775cdeb5a443b5a59b392d0065f3417d31d80f87/regex-2025.11.3-cp314-cp314-win_arm64.whl", hash = "sha256:dfec44d532be4c07088c3de2876130ff0fbeeacaa89a137decbbb5f665855a0f", size = 273372 },
    { url = "https://files.pythonhosted.org/packages/c3/06/49b198550ee0f5e4184271cee87ba4dfd9692c91ec55289e6282f0f86ccf/regex-2025.11.3-cp314-cp314t-macosx_10_13_universal2.whl", hash = "sha256:ba0d8a5d7f04f73ee7d01d974d47c5834f8a1b0224390e4fe7c12a3a92a78ecc", size = 491985 },
    { url = "https://files.pythonhosted.org/packages/ce/bf/abdafade008f0b1c9da10d934034cb670432d6cf6cbe38bbb53a1cfd6cf8/regex-2025.11.3-cp314-cp314t-macosx_10_13_x86_64.whl", hash = "sha256:442d86cf1cfe4faabf97db7d901ef58347efd004934da045c745e7b5bd57ac49", size = 292669 },
    { url = "https://files.pythonhosted.org/packages/f9/ef/0c357bb8edbd2ad8e273fcb9e1761bc37b8acbc6e1be050bebd6475f19c1/regex-2025.11.3-cp314-cp314t-macosx_11_0_arm64.whl", hash = "sha256:fd0a5e563c756de210bb964789b5abe4f114dacae9104a47e1a649b910361536", size = 291030 },
    { url = "https://files.pythonhosted.org/packages/79/06/edbb67257596649b8fb088d6aeacbcb248ac195714b18a65e018bf4c0b50/regex-2025.11.3-cp314-cp314t-manylinux2014_aarch64.manylinux_2_17_aarch64.manylinux_2_28_aarch64.whl", hash = "sha256:bf3490bcbb985a1ae97b2ce9ad1c0f06a852d5b19dde9b07bdf25bf224248c95", size = 807674 },
    { url = "https://files.pythonhosted.org/packages/f4/d9/ad4deccfce0ea336296bd087f1a191543bb99ee1c53093dcd4c64d951d00/regex-2025.11.3-cp314-cp314t-manylinux2014_ppc64le.manylinux_2_17_ppc64le.manylinux_2_28_ppc64le.whl", hash = "sha256:3809988f0a8b8c9dcc0f92478d6501fac7200b9ec56aecf0ec21f4a2ec4b6009", size = 873451 },
    { url = "https://files.pythonhosted.org/packages/13/75/a55a4724c56ef13e3e04acaab29df26582f6978c000ac9cd6810ad1f341f/regex-2025.11.3-cp314-cp314t-manylinux2014_s390x.manylinux_2_17_s390x.manylinux_2_28_s390x.whl", hash = "sha256:f4ff94e58e84aedb9c9fce66d4ef9f27a190285b451420f297c9a09f2b9abee9", size = 914980 },
    { url = "https://files.pythonhosted.org/packages/67/1e/a1657ee15bd9116f70d4a530c736983eed997b361e20ecd8f5ca3759d5c5/regex-2025.11.3-cp314-cp314t-manylinux2014_x86_64.manylinux_2_17_x86_64.manylinux_2_28_x86_64.whl", hash = "sha256:7eb542fd347ce61e1321b0a6b945d5701528dca0cd9759c2e3bb8bd57e47964d", size = 812852 },
    { url = "https://files.pythonhosted.org/packages/b8/6f/f7516dde5506a588a561d296b2d0044839de06035bb486b326065b4c101e/regex-2025.11.3-cp314-cp314t-musllinux_1_2_aarch64.whl", hash = "sha256:d6c2d5919075a1f2e413c00b056ea0c2f065b3f5fe83c3d07d325ab92dce51d6", size = 795566 },
    { url = "https://files.pythonhosted.org/packages/d9/dd/3d10b9e170cc16fb34cb2cef91513cf3df65f440b3366030631b2984a264/regex-2025.11.3-cp314-cp314t-musllinux_1_2_ppc64le.whl", hash = "sha256:3f8bf11a4827cc7ce5a53d4ef6cddd5ad25595d3c1435ef08f76825851343154", size = 868463 },
    { url = "https://files.pythonhosted.org/packages/f5/8e/935e6beff1695aa9085ff83195daccd72acc82c81793df480f34569330de/regex-2025.11.3-cp314-cp314t-musllinux_1_2_s390x.whl", hash = "sha256:22c12d837298651e5550ac1d964e4ff57c3f56965fc1812c90c9fb2028eaf267", size = 854694 },
    { url = "https://files.pythonhosted.org/packages/92/12/10650181a040978b2f5720a6a74d44f841371a3d984c2083fc1752e4acf6/regex-2025.11.3-cp314-cp314t-musllinux_1_2_x86_64.whl", hash = "sha256:62ba394a3dda9ad41c7c780f60f6e4a70988741415ae96f6d1bf6c239cf01379", size = 799691 },
    { url = "https://files.pythonhosted.org/packages/67/90/8f37138181c9a7690e7e4cb388debbd389342db3c7381d636d2875940752/regex-2025.11.3-cp314-cp314t-win32.whl", hash = "sha256:4bf146dca15cdd53224a1bf46d628bd7590e4a07fbb69e720d561aea43a32b38", size = 274583 },
    { url = "https://files.pythonhosted.org/packages/8f/cd/867f5ec442d56beb56f5f854f40abcfc75e11d10b11fdb1869dd39c63aaf/regex-2025.11.3-cp314-cp314t-win_amd64.whl", hash = "sha256:adad1a1bcf1c9e76346e091d22d23ac54ef28e1365117d99521631078dfec9de", size = 284286 },
    { url = "https://files.pythonhosted.org/packages/20/31/32c0c4610cbc070362bf1d2e4ea86d1ea29014d400a6d6c2486fcfd57766/regex-2025.11.3-cp314-cp314t-win_arm64.whl", hash = "sha256:c54f768482cef41e219720013cd05933b6f971d9562544d691c68699bf2b6801", size = 274741 },
]
